
Microsoft Visual Studio Solution File, Format Version 12.00
# Visual Studio Version 17
VisualStudioVersion = 17.3.32901.215
MinimumVisualStudioVersion = 10.0.40219.1
Project("{FAE04EC0-301F-11D3-BF4B-00C04F79EFBC}") = "MVC_Project_2022-10-02", "MVC_Project_2022-10-02\MVC_Project_2022-10-02.csproj", "{7A38086D-3943-447B-9168-15827BDE922C}"
EndProject
Project("{FAE04EC0-301F-11D3-BF4B-00C04F79EFBC}") = "MyDomain", "MyDomain\MyDomain.csproj", "{BA97912F-8D28-45B1-9B1B-842A39CB7513}"
EndProject
Project("{FAE04EC0-301F-11D3-BF4B-00C04F79EFBC}") = "ConsoleApp_2022-10-02", "ConsoleApp_2022-10-02\ConsoleApp_2022-10-02.csproj", "{EC820139-428D-4F42-8261-AC80F6D551FC}"
EndProject
Global
	GlobalSection(SolutionConfigurationPlatforms) = preSolution
		Debug|Any CPU = Debug|Any CPU
		Release|Any CPU = Release|Any CPU
	EndGlobalSection
	GlobalSection(ProjectConfigurationPlatforms) = postSolution
		{7A38086D-3943-447B-9168-15827BDE922C}.Debug|Any CPU.ActiveCfg = Debug|Any CPU
		{7A38086D-3943-447B-9168-15827BDE922C}.Debug|Any CPU.Build.0 = Debug|Any CPU
		{7A38086D-3943-447B-9168-15827BDE922C}.Release|Any CPU.ActiveCfg = Release|Any CPU
		{7A38086D-3943-447B-9168-15827BDE922C}.Release|Any CPU.Build.0 = Release|Any CPU
		{BA97912F-8D28-45B1-9B1B-842A39CB7513}.Debug|Any CPU.ActiveCfg = Debug|Any CPU
		{BA97912F-8D28-45B1-9B1B-842A39CB7513}.Debug|Any CPU.Build.0 = Debug|Any CPU
		{BA97912F-8D28-45B1-9B1B-842A39CB7513}.Release|Any CPU.ActiveCfg = Release|Any CPU
		{BA97912F-8D28-45B1-9B1B-842A39CB7513}.Release|Any CPU.Build.0 = Release|Any CPU
		{EC820139-428D-4F42-8261-AC80F6D551FC}.Debug|Any CPU.ActiveCfg = Debug|Any CPU
		{EC820139-428D-4F42-8261-AC80F6D551FC}.Debug|Any CPU.Build.0 = Debug|Any CPU
		{EC820139-428D-4F42-8261-AC80F6D551FC}.Release|Any CPU.ActiveCfg = Release|Any CPU
		{EC820139-428D-4F42-8261-AC80F6D551FC}.Release|Any CPU.Build.0 = Release|Any CPU
	EndGlobalSection
	GlobalSection(SolutionProperties) = preSolution
		HideSolutionNode = FALSE
	EndGlobalSection
	GlobalSection(ExtensibilityGlobals) = postSolution
		SolutionGuid = {C0E66EB9-F560-4AE3-90E5-26C7C8AE9DCC}
	EndGlobalSection
EndGlobal
